
Microsoft Visual Studio Solution File, Format Version 12.00
Project("{FAE04EC0-301F-11D3-BF4B-00C04F79EFBC}") = "Ignis.Fragments", "packages\Ignis.Fragments\Ignis.Fragments.csproj", "{5D3382FB-EADF-47D3-B8C3-736BE0B9338A}"
EndProject
Project("{2150E333-8FDC-42A3-9474-1A3956D46DE8}") = "Fragments", "Fragments", "{58B1C928-DCC7-4420-B5D2-259C7DB3417A}"
EndProject
Project("{FAE04EC0-301F-11D3-BF4B-00C04F79EFBC}") = "Ignis.Fragments.Abstractions", "packages\Ignis.Fragments.Abstractions\Ignis.Fragments.Abstractions.csproj", "{13FB0073-8FFF-43CE-996B-E2AE83BFCD7A}"
EndProject
Project("{FAE04EC0-301F-11D3-BF4B-00C04F79EFBC}") = "Ignis.Fragments.Extensions", "packages\Ignis.Fragments.Extensions\Ignis.Fragments.Extensions.csproj", "{EB16EFA8-6CF9-4957-9AF6-D222DC84F1DB}"
EndProject
Project("{2150E333-8FDC-42A3-9474-1A3956D46DE8}") = "Tests", "Tests", "{D95EEAB8-A600-4067-AFAD-F8CC39D412A2}"
EndProject
Project("{FAE04EC0-301F-11D3-BF4B-00C04F79EFBC}") = "Ignis.Tests.Fragments", "tests\Ignis.Tests.Fragments\Ignis.Tests.Fragments.csproj", "{69D50142-1682-46EA-BDDB-DC7BB07D8EAC}"
EndProject
Project("{2150E333-8FDC-42A3-9474-1A3956D46DE8}") = "Components", "Components", "{333AA1BE-3105-4370-BB59-34463BD1F325}"
EndProject
Project("{FAE04EC0-301F-11D3-BF4B-00C04F79EFBC}") = "Ignis.Components", "packages\Ignis.Components\Ignis.Components.csproj", "{ECDC9856-73CF-4B64-A458-72EDA276F6A2}"
EndProject
Project("{2150E333-8FDC-42A3-9474-1A3956D46DE8}") = "Tailwind", "Tailwind", "{C2B40A69-55D5-4B5C-AF1B-B8323BEFAF96}"
EndProject
Project("{FAE04EC0-301F-11D3-BF4B-00C04F79EFBC}") = "Ignis.Components.HeadlessUI", "packages\Tailwind\Ignis.Components.HeadlessUI\Ignis.Components.HeadlessUI.csproj", "{DFAD7C95-320E-4B09-B597-DCF159D649F1}"
EndProject
Project("{FAE04EC0-301F-11D3-BF4B-00C04F79EFBC}") = "Ignis.Utils", "packages\Ignis.Utils\Ignis.Utils.csproj", "{B3521022-692C-4783-8DC4-E2A1A0E600C4}"
EndProject
Project("{FAE04EC0-301F-11D3-BF4B-00C04F79EFBC}") = "Ignis.Components.Web", "packages\Ignis.Components.Web\Ignis.Components.Web.csproj", "{B2F7725C-78BA-4419-B6AD-F5CF110CF475}"
EndProject
Project("{2150E333-8FDC-42A3-9474-1A3956D46DE8}") = "Tools", "Tools", "{80B7BBBD-6FAB-4A17-A18E-46558A696C19}"
	ProjectSection(SolutionItems) = preProject
		tools\wait-for-stapp.ps1 = tools\wait-for-stapp.ps1
	EndProjectSection
EndProject
Project("{FAE04EC0-301F-11D3-BF4B-00C04F79EFBC}") = "Ignis.Website.Generator", "tools\Ignis.Website.Generator\Ignis.Website.Generator.csproj", "{B62AEFAC-8F61-4993-9C8C-D43C6A5068EC}"
EndProject
Project("{FAE04EC0-301F-11D3-BF4B-00C04F79EFBC}") = "Ignis.Components.HeroIcons", "packages\Tailwind\Ignis.Components.HeroIcons\Ignis.Components.HeroIcons.csproj", "{F3457565-E8DE-4CFA-A4F3-9B53D2ADA59F}"
EndProject
Project("{FAE04EC0-301F-11D3-BF4B-00C04F79EFBC}") = "Ignis.Components.Server", "packages\Ignis.Components.Server\Ignis.Components.Server.csproj", "{117FA8C4-BC7B-4126-B9DE-956DD5CE25C3}"
EndProject
Project("{2150E333-8FDC-42A3-9474-1A3956D46DE8}") = "Website", "Website", "{A92AF225-F718-4B02-AA3B-B47F26A3457F}"
EndProject
Project("{FAE04EC0-301F-11D3-BF4B-00C04F79EFBC}") = "Ignis.Website.Server", "website\Ignis.Website.Server\Ignis.Website.Server.csproj", "{4FB38F21-4E08-4D23-B610-8312D8E57782}"
EndProject
Project("{FAE04EC0-301F-11D3-BF4B-00C04F79EFBC}") = "Ignis.Website", "website\Ignis.Website\Ignis.Website.csproj", "{2C61C6D9-3DB4-4ECE-B5C7-7984964A63DF}"
EndProject
Project("{FAE04EC0-301F-11D3-BF4B-00C04F79EFBC}") = "Ignis.Website.WebAssembly", "website\Ignis.Website.WebAssembly\Ignis.Website.WebAssembly.csproj", "{126310EF-FB39-4E64-8BF1-5527DA369B89}"
EndProject
Project("{FAE04EC0-301F-11D3-BF4B-00C04F79EFBC}") = "Ignis.Components.WebAssembly", "packages\Ignis.Components.WebAssembly\Ignis.Components.WebAssembly.csproj", "{F3F0E357-E427-4C7D-B15A-5186B5DD7369}"
EndProject
Project("{FAE04EC0-301F-11D3-BF4B-00C04F79EFBC}") = "Ignis.Components.HeroIcons.Generator", "tools\Ignis.Components.HeroIcons.Generator\Ignis.Components.HeroIcons.Generator.csproj", "{4AF64E1F-477D-4AAC-94B1-578F8DFF5A8C}"
EndProject
Project("{FAE04EC0-301F-11D3-BF4B-00C04F79EFBC}") = "Ignis.Website.Contracts", "website\Ignis.Website.Contracts\Ignis.Website.Contracts.csproj", "{080DC704-BC20-49C3-B374-CBE9E72CCF57}"
EndProject
Project("{FAE04EC0-301F-11D3-BF4B-00C04F79EFBC}") = "Ignis.Tests.Components.HeadlessUI", "tests\Ignis.Tests.Components.HeadlessUI\Ignis.Tests.Components.HeadlessUI.csproj", "{4746A757-944D-4CD7-B1F5-8539AAE6137A}"
EndProject
Project("{FAE04EC0-301F-11D3-BF4B-00C04F79EFBC}") = "Ignis.Tests.Components", "tests\Ignis.Tests.Components\Ignis.Tests.Components.csproj", "{ABDC578A-8638-48B3-BB00-9259E3FDD4AA}"
EndProject
Project("{FAE04EC0-301F-11D3-BF4B-00C04F79EFBC}") = "Ignis.Tests.Common", "tests\Ignis.Tests.Common\Ignis.Tests.Common.csproj", "{FF27E64C-AAFB-499D-9D37-DB814D28DE7D}"
EndProject
Project("{FAE04EC0-301F-11D3-BF4B-00C04F79EFBC}") = "Ignis.Components.Reactivity", "packages\Ignis.Components.Reactivity\Ignis.Components.Reactivity.csproj", "{9E52038D-CFA5-4B08-AD82-20FC63312044}"
EndProject
Project("{FAE04EC0-301F-11D3-BF4B-00C04F79EFBC}") = "Ignis.Tests.Components.Reactivity", "tests\Ignis.Tests.Components.Reactivity\Ignis.Tests.Components.Reactivity.csproj", "{7E899D92-6A18-4AD0-9A96-3A50AFC5D654}"
EndProject
Project("{FAE04EC0-301F-11D3-BF4B-00C04F79EFBC}") = "Ignis", "packages\Ignis\Ignis.csproj", "{A8CE6E03-CF15-48B9-A1F1-B847F4C2DF56}"
EndProject
Project("{FAE04EC0-301F-11D3-BF4B-00C04F79EFBC}") = "Ignis.Tests.E2E", "tests\e2e\Ignis.Tests.E2E\Ignis.Tests.E2E.csproj", "{5952952C-4D26-496D-B889-AA844A8266A3}"
EndProject
Project("{2150E333-8FDC-42A3-9474-1A3956D46DE8}") = "E2E", "E2E", "{974FB0C8-C22B-42DB-83BB-3729856F2B41}"
EndProject
Project("{FAE04EC0-301F-11D3-BF4B-00C04F79EFBC}") = "Ignis.Tests.E2E.Website", "tests\e2e\Ignis.Tests.E2E.Website\Ignis.Tests.E2E.Website.csproj", "{72A61DF9-EA3A-49C2-9C62-252C7A3FF63D}"
EndProject
Global
	GlobalSection(SolutionConfigurationPlatforms) = preSolution
		Debug|Any CPU = Debug|Any CPU
		Release|Any CPU = Release|Any CPU
	EndGlobalSection
	GlobalSection(ProjectConfigurationPlatforms) = postSolution
		{5D3382FB-EADF-47D3-B8C3-736BE0B9338A}.Debug|Any CPU.ActiveCfg = Debug|Any CPU
		{5D3382FB-EADF-47D3-B8C3-736BE0B9338A}.Debug|Any CPU.Build.0 = Debug|Any CPU
		{5D3382FB-EADF-47D3-B8C3-736BE0B9338A}.Release|Any CPU.ActiveCfg = Release|Any CPU
		{5D3382FB-EADF-47D3-B8C3-736BE0B9338A}.Release|Any CPU.Build.0 = Release|Any CPU
		{13FB0073-8FFF-43CE-996B-E2AE83BFCD7A}.Debug|Any CPU.ActiveCfg = Debug|Any CPU
		{13FB0073-8FFF-43CE-996B-E2AE83BFCD7A}.Debug|Any CPU.Build.0 = Debug|Any CPU
		{13FB0073-8FFF-43CE-996B-E2AE83BFCD7A}.Release|Any CPU.ActiveCfg = Release|Any CPU
		{13FB0073-8FFF-43CE-996B-E2AE83BFCD7A}.Release|Any CPU.Build.0 = Release|Any CPU
		{EB16EFA8-6CF9-4957-9AF6-D222DC84F1DB}.Debug|Any CPU.ActiveCfg = Debug|Any CPU
		{EB16EFA8-6CF9-4957-9AF6-D222DC84F1DB}.Debug|Any CPU.Build.0 = Debug|Any CPU
		{EB16EFA8-6CF9-4957-9AF6-D222DC84F1DB}.Release|Any CPU.ActiveCfg = Release|Any CPU
		{EB16EFA8-6CF9-4957-9AF6-D222DC84F1DB}.Release|Any CPU.Build.0 = Release|Any CPU
		{69D50142-1682-46EA-BDDB-DC7BB07D8EAC}.Debug|Any CPU.ActiveCfg = Debug|Any CPU
		{69D50142-1682-46EA-BDDB-DC7BB07D8EAC}.Debug|Any CPU.Build.0 = Debug|Any CPU
		{69D50142-1682-46EA-BDDB-DC7BB07D8EAC}.Release|Any CPU.ActiveCfg = Release|Any CPU
		{69D50142-1682-46EA-BDDB-DC7BB07D8EAC}.Release|Any CPU.Build.0 = Release|Any CPU
		{ECDC9856-73CF-4B64-A458-72EDA276F6A2}.Debug|Any CPU.ActiveCfg = Debug|Any CPU
		{ECDC9856-73CF-4B64-A458-72EDA276F6A2}.Debug|Any CPU.Build.0 = Debug|Any CPU
		{ECDC9856-73CF-4B64-A458-72EDA276F6A2}.Release|Any CPU.ActiveCfg = Release|Any CPU
		{ECDC9856-73CF-4B64-A458-72EDA276F6A2}.Release|Any CPU.Build.0 = Release|Any CPU
		{DFAD7C95-320E-4B09-B597-DCF159D649F1}.Debug|Any CPU.ActiveCfg = Debug|Any CPU
		{DFAD7C95-320E-4B09-B597-DCF159D649F1}.Debug|Any CPU.Build.0 = Debug|Any CPU
		{DFAD7C95-320E-4B09-B597-DCF159D649F1}.Release|Any CPU.ActiveCfg = Release|Any CPU
		{DFAD7C95-320E-4B09-B597-DCF159D649F1}.Release|Any CPU.Build.0 = Release|Any CPU
		{B3521022-692C-4783-8DC4-E2A1A0E600C4}.Debug|Any CPU.ActiveCfg = Debug|Any CPU
		{B3521022-692C-4783-8DC4-E2A1A0E600C4}.Debug|Any CPU.Build.0 = Debug|Any CPU
		{B3521022-692C-4783-8DC4-E2A1A0E600C4}.Release|Any CPU.ActiveCfg = Release|Any CPU
		{B3521022-692C-4783-8DC4-E2A1A0E600C4}.Release|Any CPU.Build.0 = Release|Any CPU
		{B2F7725C-78BA-4419-B6AD-F5CF110CF475}.Debug|Any CPU.ActiveCfg = Debug|Any CPU
		{B2F7725C-78BA-4419-B6AD-F5CF110CF475}.Debug|Any CPU.Build.0 = Debug|Any CPU
		{B2F7725C-78BA-4419-B6AD-F5CF110CF475}.Release|Any CPU.ActiveCfg = Release|Any CPU
		{B2F7725C-78BA-4419-B6AD-F5CF110CF475}.Release|Any CPU.Build.0 = Release|Any CPU
		{B62AEFAC-8F61-4993-9C8C-D43C6A5068EC}.Debug|Any CPU.ActiveCfg = Debug|Any CPU
		{B62AEFAC-8F61-4993-9C8C-D43C6A5068EC}.Debug|Any CPU.Build.0 = Debug|Any CPU
		{B62AEFAC-8F61-4993-9C8C-D43C6A5068EC}.Release|Any CPU.ActiveCfg = Release|Any CPU
		{B62AEFAC-8F61-4993-9C8C-D43C6A5068EC}.Release|Any CPU.Build.0 = Release|Any CPU
		{F3457565-E8DE-4CFA-A4F3-9B53D2ADA59F}.Debug|Any CPU.ActiveCfg = Debug|Any CPU
		{F3457565-E8DE-4CFA-A4F3-9B53D2ADA59F}.Debug|Any CPU.Build.0 = Debug|Any CPU
		{F3457565-E8DE-4CFA-A4F3-9B53D2ADA59F}.Release|Any CPU.ActiveCfg = Release|Any CPU
		{F3457565-E8DE-4CFA-A4F3-9B53D2ADA59F}.Release|Any CPU.Build.0 = Release|Any CPU
		{117FA8C4-BC7B-4126-B9DE-956DD5CE25C3}.Debug|Any CPU.ActiveCfg = Debug|Any CPU
		{117FA8C4-BC7B-4126-B9DE-956DD5CE25C3}.Debug|Any CPU.Build.0 = Debug|Any CPU
		{117FA8C4-BC7B-4126-B9DE-956DD5CE25C3}.Release|Any CPU.ActiveCfg = Release|Any CPU
		{117FA8C4-BC7B-4126-B9DE-956DD5CE25C3}.Release|Any CPU.Build.0 = Release|Any CPU
		{4FB38F21-4E08-4D23-B610-8312D8E57782}.Debug|Any CPU.ActiveCfg = Debug|Any CPU
		{4FB38F21-4E08-4D23-B610-8312D8E57782}.Debug|Any CPU.Build.0 = Debug|Any CPU
		{4FB38F21-4E08-4D23-B610-8312D8E57782}.Release|Any CPU.ActiveCfg = Release|Any CPU
		{4FB38F21-4E08-4D23-B610-8312D8E57782}.Release|Any CPU.Build.0 = Release|Any CPU
		{2C61C6D9-3DB4-4ECE-B5C7-7984964A63DF}.Debug|Any CPU.ActiveCfg = Debug|Any CPU
		{2C61C6D9-3DB4-4ECE-B5C7-7984964A63DF}.Debug|Any CPU.Build.0 = Debug|Any CPU
		{2C61C6D9-3DB4-4ECE-B5C7-7984964A63DF}.Release|Any CPU.ActiveCfg = Release|Any CPU
		{2C61C6D9-3DB4-4ECE-B5C7-7984964A63DF}.Release|Any CPU.Build.0 = Release|Any CPU
		{126310EF-FB39-4E64-8BF1-5527DA369B89}.Debug|Any CPU.ActiveCfg = Debug|Any CPU
		{126310EF-FB39-4E64-8BF1-5527DA369B89}.Debug|Any CPU.Build.0 = Debug|Any CPU
		{126310EF-FB39-4E64-8BF1-5527DA369B89}.Release|Any CPU.ActiveCfg = Release|Any CPU
		{126310EF-FB39-4E64-8BF1-5527DA369B89}.Release|Any CPU.Build.0 = Release|Any CPU
		{F3F0E357-E427-4C7D-B15A-5186B5DD7369}.Debug|Any CPU.ActiveCfg = Debug|Any CPU
		{F3F0E357-E427-4C7D-B15A-5186B5DD7369}.Debug|Any CPU.Build.0 = Debug|Any CPU
		{F3F0E357-E427-4C7D-B15A-5186B5DD7369}.Release|Any CPU.ActiveCfg = Release|Any CPU
		{F3F0E357-E427-4C7D-B15A-5186B5DD7369}.Release|Any CPU.Build.0 = Release|Any CPU
		{4AF64E1F-477D-4AAC-94B1-578F8DFF5A8C}.Debug|Any CPU.ActiveCfg = Debug|Any CPU
		{4AF64E1F-477D-4AAC-94B1-578F8DFF5A8C}.Debug|Any CPU.Build.0 = Debug|Any CPU
		{4AF64E1F-477D-4AAC-94B1-578F8DFF5A8C}.Release|Any CPU.ActiveCfg = Release|Any CPU
		{4AF64E1F-477D-4AAC-94B1-578F8DFF5A8C}.Release|Any CPU.Build.0 = Release|Any CPU
		{080DC704-BC20-49C3-B374-CBE9E72CCF57}.Debug|Any CPU.ActiveCfg = Debug|Any CPU
		{080DC704-BC20-49C3-B374-CBE9E72CCF57}.Debug|Any CPU.Build.0 = Debug|Any CPU
		{080DC704-BC20-49C3-B374-CBE9E72CCF57}.Release|Any CPU.ActiveCfg = Release|Any CPU
		{080DC704-BC20-49C3-B374-CBE9E72CCF57}.Release|Any CPU.Build.0 = Release|Any CPU
		{4746A757-944D-4CD7-B1F5-8539AAE6137A}.Debug|Any CPU.ActiveCfg = Debug|Any CPU
		{4746A757-944D-4CD7-B1F5-8539AAE6137A}.Debug|Any CPU.Build.0 = Debug|Any CPU
		{4746A757-944D-4CD7-B1F5-8539AAE6137A}.Release|Any CPU.ActiveCfg = Release|Any CPU
		{4746A757-944D-4CD7-B1F5-8539AAE6137A}.Release|Any CPU.Build.0 = Release|Any CPU
		{ABDC578A-8638-48B3-BB00-9259E3FDD4AA}.Debug|Any CPU.ActiveCfg = Debug|Any CPU
		{ABDC578A-8638-48B3-BB00-9259E3FDD4AA}.Debug|Any CPU.Build.0 = Debug|Any CPU
		{ABDC578A-8638-48B3-BB00-9259E3FDD4AA}.Release|Any CPU.ActiveCfg = Release|Any CPU
		{ABDC578A-8638-48B3-BB00-9259E3FDD4AA}.Release|Any CPU.Build.0 = Release|Any CPU
		{FF27E64C-AAFB-499D-9D37-DB814D28DE7D}.Debug|Any CPU.ActiveCfg = Debug|Any CPU
		{FF27E64C-AAFB-499D-9D37-DB814D28DE7D}.Debug|Any CPU.Build.0 = Debug|Any CPU
		{FF27E64C-AAFB-499D-9D37-DB814D28DE7D}.Release|Any CPU.ActiveCfg = Release|Any CPU
		{FF27E64C-AAFB-499D-9D37-DB814D28DE7D}.Release|Any CPU.Build.0 = Release|Any CPU
		{9E52038D-CFA5-4B08-AD82-20FC63312044}.Debug|Any CPU.ActiveCfg = Debug|Any CPU
		{9E52038D-CFA5-4B08-AD82-20FC63312044}.Debug|Any CPU.Build.0 = Debug|Any CPU
		{9E52038D-CFA5-4B08-AD82-20FC63312044}.Release|Any CPU.ActiveCfg = Release|Any CPU
		{9E52038D-CFA5-4B08-AD82-20FC63312044}.Release|Any CPU.Build.0 = Release|Any CPU
		{7E899D92-6A18-4AD0-9A96-3A50AFC5D654}.Debug|Any CPU.ActiveCfg = Debug|Any CPU
		{7E899D92-6A18-4AD0-9A96-3A50AFC5D654}.Debug|Any CPU.Build.0 = Debug|Any CPU
		{7E899D92-6A18-4AD0-9A96-3A50AFC5D654}.Release|Any CPU.ActiveCfg = Release|Any CPU
		{7E899D92-6A18-4AD0-9A96-3A50AFC5D654}.Release|Any CPU.Build.0 = Release|Any CPU
		{A8CE6E03-CF15-48B9-A1F1-B847F4C2DF56}.Debug|Any CPU.ActiveCfg = Debug|Any CPU
		{A8CE6E03-CF15-48B9-A1F1-B847F4C2DF56}.Debug|Any CPU.Build.0 = Debug|Any CPU
		{A8CE6E03-CF15-48B9-A1F1-B847F4C2DF56}.Release|Any CPU.ActiveCfg = Release|Any CPU
		{A8CE6E03-CF15-48B9-A1F1-B847F4C2DF56}.Release|Any CPU.Build.0 = Release|Any CPU
		{5952952C-4D26-496D-B889-AA844A8266A3}.Debug|Any CPU.ActiveCfg = Debug|Any CPU
		{5952952C-4D26-496D-B889-AA844A8266A3}.Debug|Any CPU.Build.0 = Debug|Any CPU
		{5952952C-4D26-496D-B889-AA844A8266A3}.Release|Any CPU.ActiveCfg = Release|Any CPU
		{5952952C-4D26-496D-B889-AA844A8266A3}.Release|Any CPU.Build.0 = Release|Any CPU
		{72A61DF9-EA3A-49C2-9C62-252C7A3FF63D}.Debug|Any CPU.ActiveCfg = Debug|Any CPU
		{72A61DF9-EA3A-49C2-9C62-252C7A3FF63D}.Debug|Any CPU.Build.0 = Debug|Any CPU
		{72A61DF9-EA3A-49C2-9C62-252C7A3FF63D}.Release|Any CPU.ActiveCfg = Release|Any CPU
		{72A61DF9-EA3A-49C2-9C62-252C7A3FF63D}.Release|Any CPU.Build.0 = Release|Any CPU
	EndGlobalSection
	GlobalSection(NestedProjects) = preSolution
		{5D3382FB-EADF-47D3-B8C3-736BE0B9338A} = {58B1C928-DCC7-4420-B5D2-259C7DB3417A}
		{13FB0073-8FFF-43CE-996B-E2AE83BFCD7A} = {58B1C928-DCC7-4420-B5D2-259C7DB3417A}
		{EB16EFA8-6CF9-4957-9AF6-D222DC84F1DB} = {58B1C928-DCC7-4420-B5D2-259C7DB3417A}
		{69D50142-1682-46EA-BDDB-DC7BB07D8EAC} = {D95EEAB8-A600-4067-AFAD-F8CC39D412A2}
		{ECDC9856-73CF-4B64-A458-72EDA276F6A2} = {333AA1BE-3105-4370-BB59-34463BD1F325}
		{C2B40A69-55D5-4B5C-AF1B-B8323BEFAF96} = {333AA1BE-3105-4370-BB59-34463BD1F325}
		{DFAD7C95-320E-4B09-B597-DCF159D649F1} = {C2B40A69-55D5-4B5C-AF1B-B8323BEFAF96}
		{B2F7725C-78BA-4419-B6AD-F5CF110CF475} = {333AA1BE-3105-4370-BB59-34463BD1F325}
		{B62AEFAC-8F61-4993-9C8C-D43C6A5068EC} = {80B7BBBD-6FAB-4A17-A18E-46558A696C19}
		{F3457565-E8DE-4CFA-A4F3-9B53D2ADA59F} = {C2B40A69-55D5-4B5C-AF1B-B8323BEFAF96}
		{117FA8C4-BC7B-4126-B9DE-956DD5CE25C3} = {333AA1BE-3105-4370-BB59-34463BD1F325}
		{4FB38F21-4E08-4D23-B610-8312D8E57782} = {A92AF225-F718-4B02-AA3B-B47F26A3457F}
		{2C61C6D9-3DB4-4ECE-B5C7-7984964A63DF} = {A92AF225-F718-4B02-AA3B-B47F26A3457F}
		{126310EF-FB39-4E64-8BF1-5527DA369B89} = {A92AF225-F718-4B02-AA3B-B47F26A3457F}
		{F3F0E357-E427-4C7D-B15A-5186B5DD7369} = {333AA1BE-3105-4370-BB59-34463BD1F325}
		{4AF64E1F-477D-4AAC-94B1-578F8DFF5A8C} = {80B7BBBD-6FAB-4A17-A18E-46558A696C19}
		{080DC704-BC20-49C3-B374-CBE9E72CCF57} = {A92AF225-F718-4B02-AA3B-B47F26A3457F}
		{4746A757-944D-4CD7-B1F5-8539AAE6137A} = {D95EEAB8-A600-4067-AFAD-F8CC39D412A2}
		{ABDC578A-8638-48B3-BB00-9259E3FDD4AA} = {D95EEAB8-A600-4067-AFAD-F8CC39D412A2}
		{FF27E64C-AAFB-499D-9D37-DB814D28DE7D} = {D95EEAB8-A600-4067-AFAD-F8CC39D412A2}
		{9E52038D-CFA5-4B08-AD82-20FC63312044} = {333AA1BE-3105-4370-BB59-34463BD1F325}
		{7E899D92-6A18-4AD0-9A96-3A50AFC5D654} = {D95EEAB8-A600-4067-AFAD-F8CC39D412A2}
		{974FB0C8-C22B-42DB-83BB-3729856F2B41} = {D95EEAB8-A600-4067-AFAD-F8CC39D412A2}
		{5952952C-4D26-496D-B889-AA844A8266A3} = {974FB0C8-C22B-42DB-83BB-3729856F2B41}
		{72A61DF9-EA3A-49C2-9C62-252C7A3FF63D} = {974FB0C8-C22B-42DB-83BB-3729856F2B41}
	EndGlobalSection
EndGlobal
